
Microsoft Visual Studio Solution File, Format Version 12.00
# Visual Studio Version 17
VisualStudioVersion = 17.0.32112.339
MinimumVisualStudioVersion = 10.0.40219.1
Project("{8BC9CEB8-8B4A-11D0-8D11-00A0C91BC942}") = "Dll1", "Dll1.vcxproj", "{AEABDF0E-6B16-4CF9-B941-2FDCF787DA31}"
EndProject
Global
	GlobalSection(SolutionConfigurationPlatforms) = preSolution
		Debug|x64 = Debug|x64
		Debug|x86 = Debug|x86
		Release|x64 = Release|x64
		Release|x86 = Release|x86
	EndGlobalSection
	GlobalSection(ProjectConfigurationPlatforms) = postSolution
		{AEABDF0E-6B16-4CF9-B941-2FDCF787DA31}.Debug|x64.ActiveCfg = Debug|x64
		{AEABDF0E-6B16-4CF9-B941-2FDCF787DA31}.Debug|x64.Build.0 = Debug|x64
		{AEABDF0E-6B16-4CF9-B941-2FDCF787DA31}.Debug|x86.ActiveCfg = Debug|Win32
		{AEABDF0E-6B16-4CF9-B941-2FDCF787DA31}.Debug|x86.Build.0 = Debug|Win32
		{AEABDF0E-6B16-4CF9-B941-2FDCF787DA31}.Release|x64.ActiveCfg = Release|x64
		{AEABDF0E-6B16-4CF9-B941-2FDCF787DA31}.Release|x64.Build.0 = Release|x64
		{AEABDF0E-6B16-4CF9-B941-2FDCF787DA31}.Release|x86.ActiveCfg = Release|Win32
		{AEABDF0E-6B16-4CF9-B941-2FDCF787DA31}.Release|x86.Build.0 = Release|Win32
	EndGlobalSection
	GlobalSection(SolutionProperties) = preSolution
		HideSolutionNode = FALSE
	EndGlobalSection
	GlobalSection(ExtensibilityGlobals) = postSolution
		SolutionGuid = {BF06A230-7514-4D02-9499-4CE4F303F088}
	EndGlobalSection
EndGlobal
